
Microsoft Visual Studio Solution File, Format Version 12.00
# Visual Studio Version 17
VisualStudioVersion = 17.8.34330.188
MinimumVisualStudioVersion = 10.0.40219.1
Project("{FAE04EC0-301F-11D3-BF4B-00C04F79EFBC}") = "AzurLaneLoreWiki", "AzurLaneLoreWiki.csproj", "{CF12DA9C-DEFE-4178-A579-CD6B10557ECF}"
EndProject
Global
	GlobalSection(SolutionConfigurationPlatforms) = preSolution
		Debug|Any CPU = Debug|Any CPU
		Release|Any CPU = Release|Any CPU
	EndGlobalSection
	GlobalSection(ProjectConfigurationPlatforms) = postSolution
		{CF12DA9C-DEFE-4178-A579-CD6B10557ECF}.Debug|Any CPU.ActiveCfg = Debug|Any CPU
		{CF12DA9C-DEFE-4178-A579-CD6B10557ECF}.Debug|Any CPU.Build.0 = Debug|Any CPU
		{CF12DA9C-DEFE-4178-A579-CD6B10557ECF}.Release|Any CPU.ActiveCfg = Release|Any CPU
		{CF12DA9C-DEFE-4178-A579-CD6B10557ECF}.Release|Any CPU.Build.0 = Release|Any CPU
	EndGlobalSection
	GlobalSection(SolutionProperties) = preSolution
		HideSolutionNode = FALSE
	EndGlobalSection
	GlobalSection(ExtensibilityGlobals) = postSolution
		SolutionGuid = {1FDDA12B-119E-4453-91BD-BD91C3CF44EA}
	EndGlobalSection
EndGlobal
